
Microsoft Visual Studio Solution File, Format Version 12.00
# Visual Studio Version 17
VisualStudioVersion = 17.0.32112.339
MinimumVisualStudioVersion = 10.0.40219.1
Project("{9A19103F-16F7-4668-BE54-9A1E7A4F7556}") = "Hiring", "Hiring\Hiring.csproj", "{318A8996-8302-4FB9-8E52-FA0DDA13E95F}"
EndProject
Project("{2150E333-8FDC-42A3-9474-1A3956D46DE8}") = "Core", "Core", "{A066E9C8-4C37-42CA-82AB-F4C8F275A41E}"
EndProject
Project("{2150E333-8FDC-42A3-9474-1A3956D46DE8}") = "Infrastrucure", "Infrastrucure", "{01882F1C-BEBE-4FE2-8A74-6B5DAEDE1731}"
EndProject
Project("{9A19103F-16F7-4668-BE54-9A1E7A4F7556}") = "Application", "Application\Application.csproj", "{06320123-6604-4CBF-B7E8-29960E5E79AC}"
EndProject
Project("{9A19103F-16F7-4668-BE54-9A1E7A4F7556}") = "Domain", "Domain\Domain.csproj", "{7E8EA479-6162-43D0-B3DF-04460EF24690}"
EndProject
Project("{9A19103F-16F7-4668-BE54-9A1E7A4F7556}") = "Persistence", "Persistence\Persistence.csproj", "{DA5C3049-BEC0-41D5-A738-EF1F6A35378D}"
EndProject
Project("{2150E333-8FDC-42A3-9474-1A3956D46DE8}") = "Presentation", "Presentation", "{CA844C5B-EC60-4982-8657-F77D433629B5}"
EndProject
Global
	GlobalSection(SolutionConfigurationPlatforms) = preSolution
		Debug|Any CPU = Debug|Any CPU
		Release|Any CPU = Release|Any CPU
	EndGlobalSection
	GlobalSection(ProjectConfigurationPlatforms) = postSolution
		{318A8996-8302-4FB9-8E52-FA0DDA13E95F}.Debug|Any CPU.ActiveCfg = Debug|Any CPU
		{318A8996-8302-4FB9-8E52-FA0DDA13E95F}.Debug|Any CPU.Build.0 = Debug|Any CPU
		{318A8996-8302-4FB9-8E52-FA0DDA13E95F}.Release|Any CPU.ActiveCfg = Release|Any CPU
		{318A8996-8302-4FB9-8E52-FA0DDA13E95F}.Release|Any CPU.Build.0 = Release|Any CPU
		{06320123-6604-4CBF-B7E8-29960E5E79AC}.Debug|Any CPU.ActiveCfg = Debug|Any CPU
		{06320123-6604-4CBF-B7E8-29960E5E79AC}.Debug|Any CPU.Build.0 = Debug|Any CPU
		{06320123-6604-4CBF-B7E8-29960E5E79AC}.Release|Any CPU.ActiveCfg = Release|Any CPU
		{06320123-6604-4CBF-B7E8-29960E5E79AC}.Release|Any CPU.Build.0 = Release|Any CPU
		{7E8EA479-6162-43D0-B3DF-04460EF24690}.Debug|Any CPU.ActiveCfg = Debug|Any CPU
		{7E8EA479-6162-43D0-B3DF-04460EF24690}.Debug|Any CPU.Build.0 = Debug|Any CPU
		{7E8EA479-6162-43D0-B3DF-04460EF24690}.Release|Any CPU.ActiveCfg = Release|Any CPU
		{7E8EA479-6162-43D0-B3DF-04460EF24690}.Release|Any CPU.Build.0 = Release|Any CPU
		{DA5C3049-BEC0-41D5-A738-EF1F6A35378D}.Debug|Any CPU.ActiveCfg = Debug|Any CPU
		{DA5C3049-BEC0-41D5-A738-EF1F6A35378D}.Debug|Any CPU.Build.0 = Debug|Any CPU
		{DA5C3049-BEC0-41D5-A738-EF1F6A35378D}.Release|Any CPU.ActiveCfg = Release|Any CPU
		{DA5C3049-BEC0-41D5-A738-EF1F6A35378D}.Release|Any CPU.Build.0 = Release|Any CPU
	EndGlobalSection
	GlobalSection(SolutionProperties) = preSolution
		HideSolutionNode = FALSE
	EndGlobalSection
	GlobalSection(NestedProjects) = preSolution
		{318A8996-8302-4FB9-8E52-FA0DDA13E95F} = {CA844C5B-EC60-4982-8657-F77D433629B5}
		{06320123-6604-4CBF-B7E8-29960E5E79AC} = {A066E9C8-4C37-42CA-82AB-F4C8F275A41E}
		{7E8EA479-6162-43D0-B3DF-04460EF24690} = {A066E9C8-4C37-42CA-82AB-F4C8F275A41E}
		{DA5C3049-BEC0-41D5-A738-EF1F6A35378D} = {01882F1C-BEBE-4FE2-8A74-6B5DAEDE1731}
	EndGlobalSection
	GlobalSection(ExtensibilityGlobals) = postSolution
		SolutionGuid = {70F0B153-69B5-4181-B868-13CA91B820C0}
	EndGlobalSection
EndGlobal
